// !$*UTF8*$!
{
	archiveVersion = 1;
	classes = {
	};
	objectVersion = 48;
	objects = {

/* Begin PBXBuildFile section */
		C4457B722134EA2600D0E701 /* Garage.m in Sources */ = {isa = PBXBuildFile; fileRef = C4457B712134EA2600D0E701 /* Garage.m */; };
		C46604F4212E878E00ADD80B /* test.m in Sources */ = {isa = PBXBuildFile; fileRef = C46604F3212E878E00ADD80B /* test.m */; };
		C46604F7212E896600ADD80B /* Tire.m in Sources */ = {isa = PBXBuildFile; fileRef = C46604F6212E896600ADD80B /* Tire.m */; };
		C46604FA212E92A000ADD80B /* Car.m in Sources */ = {isa = PBXBuildFile; fileRef = C46604F9212E92A000ADD80B /* Car.m */; };
		C4E038C72133942200E4D47F /* NSString+Number2.m in Sources */ = {isa = PBXBuildFile; fileRef = C4E038C62133942200E4D47F /* NSString+Number2.m */; };
		C4E038CA21339ADB00E4D47F /* CategoryThing.m in Sources */ = {isa = PBXBuildFile; fileRef = C4E038C921339ADB00E4D47F /* CategoryThing.m */; };
		C4E038CD21339B2900E4D47F /* CategoryThing+Thing1.m in Sources */ = {isa = PBXBuildFile; fileRef = C4E038CC21339B2900E4D47F /* CategoryThing+Thing1.m */; };
		C4E038D021339BF100E4D47F /* CategoryThing+Thing2.m in Sources */ = {isa = PBXBuildFile; fileRef = C4E038CF21339BF100E4D47F /* CategoryThing+Thing2.m */; };
		C4F0319F212D664000BCFBE2 /* main.m in Sources */ = {isa = PBXBuildFile; fileRef = C4F0319E212D664000BCFBE2 /* main.m */; };
/* End PBXBuildFile section */

/* Begin PBXCopyFilesBuildPhase section */
		C4F03199212D663F00BCFBE2 /* CopyFiles */ = {
			isa = PBXCopyFilesBuildPhase;
			buildActionMask = 2147483647;
			dstPath = /usr/share/man/man1/;
			dstSubfolderSpec = 0;
			files = (
			);
			runOnlyForDeploymentPostprocessing = 1;
		};
/* End PBXCopyFilesBuildPhase section */

/* Begin PBXFileReference section */
		C4457B702134EA2600D0E701 /* Garage.h */ = {isa = PBXFileReference; lastKnownFileType = sourcecode.c.h; path = Garage.h; sourceTree = "<group>"; };
		C4457B712134EA2600D0E701 /* Garage.m */ = {isa = PBXFileReference; lastKnownFileType = sourcecode.c.objc; path = Garage.m; sourceTree = "<group>"; };
		C46604F2212E877900ADD80B /* test.h */ = {isa = PBXFileReference; lastKnownFileType = sourcecode.c.h; path = test.h; sourceTree = "<group>"; };
		C46604F3212E878E00ADD80B /* test.m */ = {isa = PBXFileReference; lastKnownFileType = sourcecode.c.objc; path = test.m; sourceTree = "<group>"; };
		C46604F5212E894300ADD80B /* Tire.h */ = {isa = PBXFileReference; lastKnownFileType = sourcecode.c.h; path = Tire.h; sourceTree = "<group>"; };
		C46604F6212E896600ADD80B /* Tire.m */ = {isa = PBXFileReference; lastKnownFileType = sourcecode.c.objc; path = Tire.m; sourceTree = "<group>"; };
		C46604F8212E928E00ADD80B /* Car.h */ = {isa = PBXFileReference; lastKnownFileType = sourcecode.c.h; path = Car.h; sourceTree = "<group>"; };
		C46604F9212E92A000ADD80B /* Car.m */ = {isa = PBXFileReference; lastKnownFileType = sourcecode.c.objc; path = Car.m; sourceTree = "<group>"; };
		C4E038C52133942200E4D47F /* NSString+Number2.h */ = {isa = PBXFileReference; lastKnownFileType = sourcecode.c.h; path = "NSString+Number2.h"; sourceTree = "<group>"; };
		C4E038C62133942200E4D47F /* NSString+Number2.m */ = {isa = PBXFileReference; lastKnownFileType = sourcecode.c.objc; path = "NSString+Number2.m"; sourceTree = "<group>"; };
		C4E038C821339ADB00E4D47F /* CategoryThing.h */ = {isa = PBXFileReference; lastKnownFileType = sourcecode.c.h; path = CategoryThing.h; sourceTree = "<group>"; };
		C4E038C921339ADB00E4D47F /* CategoryThing.m */ = {isa = PBXFileReference; lastKnownFileType = sourcecode.c.objc; path = CategoryThing.m; sourceTree = "<group>"; };
		C4E038CB21339B2900E4D47F /* CategoryThing+Thing1.h */ = {isa = PBXFileReference; lastKnownFileType = sourcecode.c.h; path = "CategoryThing+Thing1.h"; sourceTree = "<group>"; };
		C4E038CC21339B2900E4D47F /* CategoryThing+Thing1.m */ = {isa = PBXFileReference; lastKnownFileType = sourcecode.c.objc; path = "CategoryThing+Thing1.m"; sourceTree = "<group>"; };
		C4E038CE21339BF100E4D47F /* CategoryThing+Thing2.h */ = {isa = PBXFileReference; lastKnownFileType = sourcecode.c.h; path = "CategoryThing+Thing2.h"; sourceTree = "<group>"; };
		C4E038CF21339BF100E4D47F /* CategoryThing+Thing2.m */ = {isa = PBXFileReference; lastKnownFileType = sourcecode.c.objc; path = "CategoryThing+Thing2.m"; sourceTree = "<group>"; };
		C4F0319B212D663F00BCFBE2 /* FirstApp2 */ = {isa = PBXFileReference; explicitFileType = "compiled.mach-o.executable"; includeInIndex = 0; path = FirstApp2; sourceTree = BUILT_PRODUCTS_DIR; };
		C4F0319E212D664000BCFBE2 /* main.m */ = {isa = PBXFileReference; lastKnownFileType = sourcecode.c.objc; path = main.m; sourceTree = "<group>"; };
/* End PBXFileReference section */

/* Begin PBXFrameworksBuildPhase section */
		C4F03198212D663F00BCFBE2 /* Frameworks */ = {
			isa = PBXFrameworksBuildPhase;
			buildActionMask = 2147483647;
			files = (
			);
			runOnlyForDeploymentPostprocessing = 0;
		};
/* End PBXFrameworksBuildPhase section */

/* Begin PBXGroup section */
		C4F03192212D663F00BCFBE2 = {
			isa = PBXGroup;
			children = (
				C4F0319D212D663F00BCFBE2 /* FirstApp2 */,
				C4F0319C212D663F00BCFBE2 /* Products */,
			);
			sourceTree = "<group>";
		};
		C4F0319C212D663F00BCFBE2 /* Products */ = {
			isa = PBXGroup;
			children = (
				C4F0319B212D663F00BCFBE2 /* FirstApp2 */,
			);
			name = Products;
			sourceTree = "<group>";
		};
		C4F0319D212D663F00BCFBE2 /* FirstApp2 */ = {
			isa = PBXGroup;
			children = (
				C4F0319E212D664000BCFBE2 /* main.m */,
				C4E038C821339ADB00E4D47F /* CategoryThing.h */,
				C4E038C921339ADB00E4D47F /* CategoryThing.m */,
				C4E038CB21339B2900E4D47F /* CategoryThing+Thing1.h */,
				C4E038CC21339B2900E4D47F /* CategoryThing+Thing1.m */,
				C4E038CE21339BF100E4D47F /* CategoryThing+Thing2.h */,
				C4E038CF21339BF100E4D47F /* CategoryThing+Thing2.m */,
				C46604F2212E877900ADD80B /* test.h */,
				C46604F3212E878E00ADD80B /* test.m */,
				C46604F5212E894300ADD80B /* Tire.h */,
				C46604F6212E896600ADD80B /* Tire.m */,
				C46604F8212E928E00ADD80B /* Car.h */,
				C4457B702134EA2600D0E701 /* Garage.h */,
				C4457B712134EA2600D0E701 /* Garage.m */,
				C46604F9212E92A000ADD80B /* Car.m */,
				C4E038C52133942200E4D47F /* NSString+Number2.h */,
				C4E038C62133942200E4D47F /* NSString+Number2.m */,
			);
			path = FirstApp2;
			sourceTree = "<group>";
		};
/* End PBXGroup section */

/* Begin PBXNativeTarget section */
		C4F0319A212D663F00BCFBE2 /* FirstApp2 */ = {
			isa = PBXNativeTarget;
			buildConfigurationList = C4F031A2212D664000BCFBE2 /* Build configuration list for PBXNativeTarget "FirstApp2" */;
			buildPhases = (
				C4F03197212D663F00BCFBE2 /* Sources */,
				C4F03198212D663F00BCFBE2 /* Frameworks */,
				C4F03199212D663F00BCFBE2 /* CopyFiles */,
			);
			buildRules = (
			);
			dependencies = (
			);
			name = FirstApp2;
			productName = FirstApp2;
			productReference = C4F0319B212D663F00BCFBE2 /* FirstApp2 */;
			productType = "com.apple.product-type.tool";
		};
/* End PBXNativeTarget section */

/* Begin PBXProject section */
		C4F03193212D663F00BCFBE2 /* Project object */ = {
			isa = PBXProject;
			attributes = {
				LastUpgradeCheck = 0910;
				ORGANIZATIONNAME = lijunjie;
				TargetAttributes = {
					C4F0319A212D663F00BCFBE2 = {
						CreatedOnToolsVersion = 9.1;
						ProvisioningStyle = Automatic;
					};
				};
			};
			buildConfigurationList = C4F03196212D663F00BCFBE2 /* Build configuration list for PBXProject "FirstApp2" */;
			compatibilityVersion = "Xcode 8.0";
			developmentRegion = en;
			hasScannedForEncodings = 0;
			knownRegions = (
				en,
			);
			mainGroup = C4F03192212D663F00BCFBE2;
			productRefGroup = C4F0319C212D663F00BCFBE2 /* Products */;
			projectDirPath = "";
			projectRoot = "";
			targets = (
				C4F0319A212D663F00BCFBE2 /* FirstApp2 */,
			);
		};
/* End PBXProject section */

/* Begin PBXSourcesBuildPhase section */
		C4F03197212D663F00BCFBE2 /* Sources */ = {
			isa = PBXSourcesBuildPhase;
			buildActionMask = 2147483647;
			files = (
				C4E038D021339BF100E4D47F /* CategoryThing+Thing2.m in Sources */,
				C4457B722134EA2600D0E701 /* Garage.m in Sources */,
				C4E038CA21339ADB00E4D47F /* CategoryThing.m in Sources */,
				C4E038C72133942200E4D47F /* NSString+Number2.m in Sources */,
				C4F0319F212D664000BCFBE2 /* main.m in Sources */,
				C46604F7212E896600ADD80B /* Tire.m in Sources */,
				C4E038CD21339B2900E4D47F /* CategoryThing+Thing1.m in Sources */,
				C46604FA212E92A000ADD80B /* Car.m in Sources */,
				C46604F4212E878E00ADD80B /* test.m in Sources */,
			);
			runOnlyForDeploymentPostprocessing = 0;
		};
/* End PBXSourcesBuildPhase section */

/* Begin XCBuildConfiguration section */
		C4F031A0212D664000BCFBE2 /* Debug */ = {
			isa = XCBuildConfiguration;
			buildSettings = {
				ALWAYS_SEARCH_USER_PATHS = NO;
				CLANG_ANALYZER_NONNULL = YES;
				CLANG_ANALYZER_NUMBER_OBJECT_CONVERSION = YES_AGGRESSIVE;
				CLANG_CXX_LANGUAGE_STANDARD = "gnu++14";
				CLANG_CXX_LIBRARY = "libc++";
				CLANG_ENABLE_MODULES = YES;
				CLANG_ENABLE_OBJC_ARC = YES;
				CLANG_WARN_BLOCK_CAPTURE_AUTORELEASING = YES;
				CLANG_WARN_BOOL_CONVERSION = YES;
				CLANG_WARN_COMMA = YES;
				CLANG_WARN_CONSTANT_CONVERSION = YES;
				CLANG_WARN_DIRECT_OBJC_ISA_USAGE = YES_ERROR;
				CLANG_WARN_DOCUMENTATION_COMMENTS = YES;
				CLANG_WARN_EMPTY_BODY = YES;
				CLANG_WARN_ENUM_CONVERSION = YES;
				CLANG_WARN_INFINITE_RECURSION = YES;
				CLANG_WARN_INT_CONVERSION = YES;
				CLANG_WARN_NON_LITERAL_NULL_CONVERSION = YES;
				CLANG_WARN_OBJC_LITERAL_CONVERSION = YES;
				CLANG_WARN_OBJC_ROOT_CLASS = YES_ERROR;
				CLANG_WARN_RANGE_LOOP_ANALYSIS = YES;
				CLANG_WARN_STRICT_PROTOTYPES = YES;
				CLANG_WARN_SUSPICIOUS_MOVE = YES;
				CLANG_WARN_UNGUARDED_AVAILABILITY = YES_AGGRESSIVE;
				CLANG_WARN_UNREACHABLE_CODE = YES;
				CLANG_WARN__DUPLICATE_METHOD_MATCH = YES;
				CODE_SIGN_IDENTITY = "-";
				COPY_PHASE_STRIP = NO;
				DEBUG_INFORMATION_FORMAT = dwarf;
				ENABLE_STRICT_OBJC_MSGSEND = YES;
				ENABLE_TESTABILITY = YES;
				GCC_C_LANGUAGE_STANDARD = gnu11;
				GCC_DYNAMIC_NO_PIC = NO;
				GCC_NO_COMMON_BLOCKS = YES;
				GCC_OPTIMIZATION_LEVEL = 0;
				GCC_PREPROCESSOR_DEFINITIONS = (
					"DEBUG=1",
					"$(inherited)",
				);
				GCC_WARN_64_TO_32_BIT_CONVERSION = YES;
				GCC_WARN_ABOUT_RETURN_TYPE = YES_ERROR;
				GCC_WARN_UNDECLARED_SELECTOR = YES;
				GCC_WARN_UNINITIALIZED_AUTOS = YES_AGGRESSIVE;
				GCC_WARN_UNUSED_FUNCTION = YES;
				GCC_WARN_UNUSED_VARIABLE = YES;
				MACOSX_DEPLOYMENT_TARGET = 10.12;
				MTL_ENABLE_DEBUG_INFO = YES;
				ONLY_ACTIVE_ARCH = YES;
				SDKROOT = macosx;
			};
			name = Debug;
		};
		C4F031A1212D664000BCFBE2 /* Release */ = {
			isa = XCBuildConfiguration;
			buildSettings = {
				ALWAYS_SEARCH_USER_PATHS = NO;
				CLANG_ANALYZER_NONNULL = YES;
				CLANG_ANALYZER_NUMBER_OBJECT_CONVERSION = YES_AGGRESSIVE;
				CLANG_CXX_LANGUAGE_STANDARD = "gnu++14";
				CLANG_CXX_LIBRARY = "libc++";
				CLANG_ENABLE_MODULES = YES;
				CLANG_ENABLE_OBJC_ARC = YES;
				CLANG_WARN_BLOCK_CAPTURE_AUTORELEASING = YES;
				CLANG_WARN_BOOL_CONVERSION = YES;
				CLANG_WARN_COMMA = YES;
				CLANG_WARN_CONSTANT_CONVERSION = YES;
				CLANG_WARN_DIRECT_OBJC_ISA_USAGE = YES_ERROR;
				CLANG_WARN_DOCUMENTATION_COMMENTS = YES;
				CLANG_WARN_EMPTY_BODY = YES;
				CLANG_WARN_ENUM_CONVERSION = YES;
				CLANG_WARN_INFINITE_RECURSION = YES;
				CLANG_WARN_INT_CONVERSION = YES;
				CLANG_WARN_NON_LITERAL_NULL_CONVERSION = YES;
				CLANG_WARN_OBJC_LITERAL_CONVERSION = YES;
				CLANG_WARN_OBJC_ROOT_CLASS = YES_ERROR;
				CLANG_WARN_RANGE_LOOP_ANALYSIS = YES;
				CLANG_WARN_STRICT_PROTOTYPES = YES;
				CLANG_WARN_SUSPICIOUS_MOVE = YES;
				CLANG_WARN_UNGUARDED_AVAILABILITY = YES_AGGRESSIVE;
				CLANG_WARN_UNREACHABLE_CODE = YES;
				CLANG_WARN__DUPLICATE_METHOD_MATCH = YES;
				CODE_SIGN_IDENTITY = "-";
				COPY_PHASE_STRIP = NO;
				DEBUG_INFORMATION_FORMAT = "dwarf-with-dsym";
				ENABLE_NS_ASSERTIONS = NO;
				ENABLE_STRICT_OBJC_MSGSEND = YES;
				GCC_C_LANGUAGE_STANDARD = gnu11;
				GCC_NO_COMMON_BLOCKS = YES;
				GCC_WARN_64_TO_32_BIT_CONVERSION = YES;
				GCC_WARN_ABOUT_RETURN_TYPE = YES_ERROR;
				GCC_WARN_UNDECLARED_SELECTOR = YES;
				GCC_WARN_UNINITIALIZED_AUTOS = YES_AGGRESSIVE;
				GCC_WARN_UNUSED_FUNCTION = YES;
				GCC_WARN_UNUSED_VARIABLE = YES;
				MACOSX_DEPLOYMENT_TARGET = 10.12;
				MTL_ENABLE_DEBUG_INFO = NO;
				SDKROOT = macosx;
			};
			name = Release;
		};
		C4F031A3212D664000BCFBE2 /* Debug */ = {
			isa = XCBuildConfiguration;
			buildSettings = {
				CLANG_ENABLE_OBJC_ARC = NO;
				CODE_SIGN_STYLE = Automatic;
				PRODUCT_NAME = "$(TARGET_NAME)";
			};
			name = Debug;
		};
		C4F031A4212D664000BCFBE2 /* Release */ = {
			isa = XCBuildConfiguration;
			buildSettings = {
				CLANG_ENABLE_OBJC_ARC = NO;
				CODE_SIGN_STYLE = Automatic;
				PRODUCT_NAME = "$(TARGET_NAME)";
			};
			name = Release;
		};
/* End XCBuildConfiguration section */

/* Begin XCConfigurationList section */
		C4F03196212D663F00BCFBE2 /* Build configuration list for PBXProject "FirstApp2" */ = {
			isa = XCConfigurationList;
			buildConfigurations = (
				C4F031A0212D664000BCFBE2 /* Debug */,
				C4F031A1212D664000BCFBE2 /* Release */,
			);
			defaultConfigurationIsVisible = 0;
			defaultConfigurationName = Release;
		};
		C4F031A2212D664000BCFBE2 /* Build configuration list for PBXNativeTarget "FirstApp2" */ = {
			isa = XCConfigurationList;
			buildConfigurations = (
				C4F031A3212D664000BCFBE2 /* Debug */,
				C4F031A4212D664000BCFBE2 /* Release */,
			);
			defaultConfigurationIsVisible = 0;
			defaultConfigurationName = Release;
		};
/* End XCConfigurationList section */
	};
	rootObject = C4F03193212D663F00BCFBE2 /* Project object */;
}
