// !$*UTF8*$!
{
	archiveVersion = 1;
	classes = {
	};
	objectVersion = 48;
	objects = {

/* Begin PBXBuildFile section */
		C4457B40213409EC00D0E701 /* AppDelegate.m in Sources */ = {isa = PBXBuildFile; fileRef = C4457B3F213409EC00D0E701 /* AppDelegate.m */; };
		C4457B43213409EC00D0E701 /* ViewController.m in Sources */ = {isa = PBXBuildFile; fileRef = C4457B42213409EC00D0E701 /* ViewController.m */; };
		C4457B46213409EC00D0E701 /* Main.storyboard in Resources */ = {isa = PBXBuildFile; fileRef = C4457B44213409EC00D0E701 /* Main.storyboard */; };
		C4457B48213409EC00D0E701 /* Assets.xcassets in Resources */ = {isa = PBXBuildFile; fileRef = C4457B47213409EC00D0E701 /* Assets.xcassets */; };
		C4457B4B213409EC00D0E701 /* LaunchScreen.storyboard in Resources */ = {isa = PBXBuildFile; fileRef = C4457B49213409EC00D0E701 /* LaunchScreen.storyboard */; };
		C4457B4E213409EC00D0E701 /* main.m in Sources */ = {isa = PBXBuildFile; fileRef = C4457B4D213409EC00D0E701 /* main.m */; };
		C4457B58213409ED00D0E701 /* FirstAppTests.m in Sources */ = {isa = PBXBuildFile; fileRef = C4457B57213409ED00D0E701 /* FirstAppTests.m */; };
		C4457B63213409ED00D0E701 /* FirstAppUITests.m in Sources */ = {isa = PBXBuildFile; fileRef = C4457B62213409ED00D0E701 /* FirstAppUITests.m */; };
		C49B5EE42142A5B600573CF9 /* Flutter.framework in Frameworks */ = {isa = PBXBuildFile; fileRef = C49B5EE22142A5B600573CF9 /* Flutter.framework */; };
		C49B5EE52142A5B600573CF9 /* flutter_assets in Resources */ = {isa = PBXBuildFile; fileRef = C49B5EE32142A5B600573CF9 /* flutter_assets */; };
		C49B5EE62142A5CC00573CF9 /* Flutter.framework in Frameworks */ = {isa = PBXBuildFile; fileRef = C49B5EE22142A5B600573CF9 /* Flutter.framework */; };
		C49B5EE72142A5CC00573CF9 /* Flutter.framework in Embed Frameworks */ = {isa = PBXBuildFile; fileRef = C49B5EE22142A5B600573CF9 /* Flutter.framework */; settings = {ATTRIBUTES = (CodeSignOnCopy, RemoveHeadersOnCopy, ); }; };
/* End PBXBuildFile section */

/* Begin PBXContainerItemProxy section */
		C4457B54213409ED00D0E701 /* PBXContainerItemProxy */ = {
			isa = PBXContainerItemProxy;
			containerPortal = C4457B33213409EC00D0E701 /* Project object */;
			proxyType = 1;
			remoteGlobalIDString = C4457B3A213409EC00D0E701;
			remoteInfo = FirstApp;
		};
		C4457B5F213409ED00D0E701 /* PBXContainerItemProxy */ = {
			isa = PBXContainerItemProxy;
			containerPortal = C4457B33213409EC00D0E701 /* Project object */;
			proxyType = 1;
			remoteGlobalIDString = C4457B3A213409EC00D0E701;
			remoteInfo = FirstApp;
		};
/* End PBXContainerItemProxy section */

/* Begin PBXCopyFilesBuildPhase section */
		C49B5EE82142A5CC00573CF9 /* Embed Frameworks */ = {
			isa = PBXCopyFilesBuildPhase;
			buildActionMask = 2147483647;
			dstPath = "";
			dstSubfolderSpec = 10;
			files = (
				C49B5EE72142A5CC00573CF9 /* Flutter.framework in Embed Frameworks */,
			);
			name = "Embed Frameworks";
			runOnlyForDeploymentPostprocessing = 0;
		};
/* End PBXCopyFilesBuildPhase section */

/* Begin PBXFileReference section */
		C4457B3B213409EC00D0E701 /* FirstApp.app */ = {isa = PBXFileReference; explicitFileType = wrapper.application; includeInIndex = 0; path = FirstApp.app; sourceTree = BUILT_PRODUCTS_DIR; };
		C4457B3E213409EC00D0E701 /* AppDelegate.h */ = {isa = PBXFileReference; lastKnownFileType = sourcecode.c.h; path = AppDelegate.h; sourceTree = "<group>"; };
		C4457B3F213409EC00D0E701 /* AppDelegate.m */ = {isa = PBXFileReference; lastKnownFileType = sourcecode.c.objc; path = AppDelegate.m; sourceTree = "<group>"; };
		C4457B41213409EC00D0E701 /* ViewController.h */ = {isa = PBXFileReference; lastKnownFileType = sourcecode.c.h; path = ViewController.h; sourceTree = "<group>"; };
		C4457B42213409EC00D0E701 /* ViewController.m */ = {isa = PBXFileReference; lastKnownFileType = sourcecode.c.objc; path = ViewController.m; sourceTree = "<group>"; };
		C4457B45213409EC00D0E701 /* Base */ = {isa = PBXFileReference; lastKnownFileType = file.storyboard; name = Base; path = Base.lproj/Main.storyboard; sourceTree = "<group>"; };
		C4457B47213409EC00D0E701 /* Assets.xcassets */ = {isa = PBXFileReference; lastKnownFileType = folder.assetcatalog; path = Assets.xcassets; sourceTree = "<group>"; };
		C4457B4A213409EC00D0E701 /* Base */ = {isa = PBXFileReference; lastKnownFileType = file.storyboard; name = Base; path = Base.lproj/LaunchScreen.storyboard; sourceTree = "<group>"; };
		C4457B4C213409EC00D0E701 /* Info.plist */ = {isa = PBXFileReference; lastKnownFileType = text.plist.xml; path = Info.plist; sourceTree = "<group>"; };
		C4457B4D213409EC00D0E701 /* main.m */ = {isa = PBXFileReference; lastKnownFileType = sourcecode.c.objc; path = main.m; sourceTree = "<group>"; };
		C4457B53213409ED00D0E701 /* FirstAppTests.xctest */ = {isa = PBXFileReference; explicitFileType = wrapper.cfbundle; includeInIndex = 0; path = FirstAppTests.xctest; sourceTree = BUILT_PRODUCTS_DIR; };
		C4457B57213409ED00D0E701 /* FirstAppTests.m */ = {isa = PBXFileReference; lastKnownFileType = sourcecode.c.objc; path = FirstAppTests.m; sourceTree = "<group>"; };
		C4457B59213409ED00D0E701 /* Info.plist */ = {isa = PBXFileReference; lastKnownFileType = text.plist.xml; path = Info.plist; sourceTree = "<group>"; };
		C4457B5E213409ED00D0E701 /* FirstAppUITests.xctest */ = {isa = PBXFileReference; explicitFileType = wrapper.cfbundle; includeInIndex = 0; path = FirstAppUITests.xctest; sourceTree = BUILT_PRODUCTS_DIR; };
		C4457B62213409ED00D0E701 /* FirstAppUITests.m */ = {isa = PBXFileReference; lastKnownFileType = sourcecode.c.objc; path = FirstAppUITests.m; sourceTree = "<group>"; };
		C4457B64213409ED00D0E701 /* Info.plist */ = {isa = PBXFileReference; lastKnownFileType = text.plist.xml; path = Info.plist; sourceTree = "<group>"; };
		C49B5EE22142A5B600573CF9 /* Flutter.framework */ = {isa = PBXFileReference; lastKnownFileType = wrapper.framework; path = Flutter.framework; sourceTree = "<group>"; };
		C49B5EE32142A5B600573CF9 /* flutter_assets */ = {isa = PBXFileReference; lastKnownFileType = folder; path = flutter_assets; sourceTree = "<group>"; };
		C4B31B5E2142993500286D41 /* Flutter.xcconfig */ = {isa = PBXFileReference; lastKnownFileType = text.xcconfig; path = Flutter.xcconfig; sourceTree = "<group>"; };
		C4B31B5F2142996000286D41 /* Debug.xcconfig */ = {isa = PBXFileReference; lastKnownFileType = text.xcconfig; path = Debug.xcconfig; sourceTree = "<group>"; };
		C4B31B602142997400286D41 /* Release.xcconfig */ = {isa = PBXFileReference; lastKnownFileType = text.xcconfig; path = Release.xcconfig; sourceTree = "<group>"; };
/* End PBXFileReference section */

/* Begin PBXFrameworksBuildPhase section */
		C4457B38213409EC00D0E701 /* Frameworks */ = {
			isa = PBXFrameworksBuildPhase;
			buildActionMask = 2147483647;
			files = (
				C49B5EE42142A5B600573CF9 /* Flutter.framework in Frameworks */,
				C49B5EE62142A5CC00573CF9 /* Flutter.framework in Frameworks */,
			);
			runOnlyForDeploymentPostprocessing = 0;
		};
		C4457B50213409ED00D0E701 /* Frameworks */ = {
			isa = PBXFrameworksBuildPhase;
			buildActionMask = 2147483647;
			files = (
			);
			runOnlyForDeploymentPostprocessing = 0;
		};
		C4457B5B213409ED00D0E701 /* Frameworks */ = {
			isa = PBXFrameworksBuildPhase;
			buildActionMask = 2147483647;
			files = (
			);
			runOnlyForDeploymentPostprocessing = 0;
		};
/* End PBXFrameworksBuildPhase section */

/* Begin PBXGroup section */
		C4457B32213409EC00D0E701 = {
			isa = PBXGroup;
			children = (
				C4B31B5B21428EED00286D41 /* Flutter */,
				C4457B3D213409EC00D0E701 /* FirstApp */,
				C4457B56213409ED00D0E701 /* FirstAppTests */,
				C4457B61213409ED00D0E701 /* FirstAppUITests */,
				C4457B3C213409EC00D0E701 /* Products */,
			);
			sourceTree = "<group>";
		};
		C4457B3C213409EC00D0E701 /* Products */ = {
			isa = PBXGroup;
			children = (
				C4457B3B213409EC00D0E701 /* FirstApp.app */,
				C4457B53213409ED00D0E701 /* FirstAppTests.xctest */,
				C4457B5E213409ED00D0E701 /* FirstAppUITests.xctest */,
			);
			name = Products;
			sourceTree = "<group>";
		};
		C4457B3D213409EC00D0E701 /* FirstApp */ = {
			isa = PBXGroup;
			children = (
				C4457B3E213409EC00D0E701 /* AppDelegate.h */,
				C4457B3F213409EC00D0E701 /* AppDelegate.m */,
				C4457B41213409EC00D0E701 /* ViewController.h */,
				C4457B42213409EC00D0E701 /* ViewController.m */,
				C4457B44213409EC00D0E701 /* Main.storyboard */,
				C4457B47213409EC00D0E701 /* Assets.xcassets */,
				C4457B49213409EC00D0E701 /* LaunchScreen.storyboard */,
				C4457B4C213409EC00D0E701 /* Info.plist */,
				C4457B4D213409EC00D0E701 /* main.m */,
				C4B31B5F2142996000286D41 /* Debug.xcconfig */,
				C4B31B602142997400286D41 /* Release.xcconfig */,
			);
			path = FirstApp;
			sourceTree = "<group>";
		};
		C4457B56213409ED00D0E701 /* FirstAppTests */ = {
			isa = PBXGroup;
			children = (
				C4457B57213409ED00D0E701 /* FirstAppTests.m */,
				C4457B59213409ED00D0E701 /* Info.plist */,
			);
			path = FirstAppTests;
			sourceTree = "<group>";
		};
		C4457B61213409ED00D0E701 /* FirstAppUITests */ = {
			isa = PBXGroup;
			children = (
				C4457B62213409ED00D0E701 /* FirstAppUITests.m */,
				C4457B64213409ED00D0E701 /* Info.plist */,
			);
			path = FirstAppUITests;
			sourceTree = "<group>";
		};
		C4B31B5B21428EED00286D41 /* Flutter */ = {
			isa = PBXGroup;
			children = (
				C49B5EE32142A5B600573CF9 /* flutter_assets */,
				C49B5EE22142A5B600573CF9 /* Flutter.framework */,
				C4B31B5E2142993500286D41 /* Flutter.xcconfig */,
			);
			path = Flutter;
			sourceTree = "<group>";
		};
/* End PBXGroup section */

/* Begin PBXNativeTarget section */
		C4457B3A213409EC00D0E701 /* FirstApp */ = {
			isa = PBXNativeTarget;
			buildConfigurationList = C4457B67213409ED00D0E701 /* Build configuration list for PBXNativeTarget "FirstApp" */;
			buildPhases = (
				C4457B37213409EC00D0E701 /* Sources */,
				C4457B38213409EC00D0E701 /* Frameworks */,
				C4457B39213409EC00D0E701 /* Resources */,
				C4B31B6121429B8D00286D41 /* ShellScript */,
				C49B5EE82142A5CC00573CF9 /* Embed Frameworks */,
			);
			buildRules = (
			);
			dependencies = (
			);
			name = FirstApp;
			productName = FirstApp;
			productReference = C4457B3B213409EC00D0E701 /* FirstApp.app */;
			productType = "com.apple.product-type.application";
		};
		C4457B52213409ED00D0E701 /* FirstAppTests */ = {
			isa = PBXNativeTarget;
			buildConfigurationList = C4457B6A213409ED00D0E701 /* Build configuration list for PBXNativeTarget "FirstAppTests" */;
			buildPhases = (
				C4457B4F213409ED00D0E701 /* Sources */,
				C4457B50213409ED00D0E701 /* Frameworks */,
				C4457B51213409ED00D0E701 /* Resources */,
			);
			buildRules = (
			);
			dependencies = (
				C4457B55213409ED00D0E701 /* PBXTargetDependency */,
			);
			name = FirstAppTests;
			productName = FirstAppTests;
			productReference = C4457B53213409ED00D0E701 /* FirstAppTests.xctest */;
			productType = "com.apple.product-type.bundle.unit-test";
		};
		C4457B5D213409ED00D0E701 /* FirstAppUITests */ = {
			isa = PBXNativeTarget;
			buildConfigurationList = C4457B6D213409ED00D0E701 /* Build configuration list for PBXNativeTarget "FirstAppUITests" */;
			buildPhases = (
				C4457B5A213409ED00D0E701 /* Sources */,
				C4457B5B213409ED00D0E701 /* Frameworks */,
				C4457B5C213409ED00D0E701 /* Resources */,
			);
			buildRules = (
			);
			dependencies = (
				C4457B60213409ED00D0E701 /* PBXTargetDependency */,
			);
			name = FirstAppUITests;
			productName = FirstAppUITests;
			productReference = C4457B5E213409ED00D0E701 /* FirstAppUITests.xctest */;
			productType = "com.apple.product-type.bundle.ui-testing";
		};
/* End PBXNativeTarget section */

/* Begin PBXProject section */
		C4457B33213409EC00D0E701 /* Project object */ = {
			isa = PBXProject;
			attributes = {
				LastUpgradeCheck = 0910;
				ORGANIZATIONNAME = lijunjie;
				TargetAttributes = {
					C4457B3A213409EC00D0E701 = {
						CreatedOnToolsVersion = 9.1;
						ProvisioningStyle = Automatic;
					};
					C4457B52213409ED00D0E701 = {
						CreatedOnToolsVersion = 9.1;
						ProvisioningStyle = Automatic;
						TestTargetID = C4457B3A213409EC00D0E701;
					};
					C4457B5D213409ED00D0E701 = {
						CreatedOnToolsVersion = 9.1;
						ProvisioningStyle = Automatic;
						TestTargetID = C4457B3A213409EC00D0E701;
					};
				};
			};
			buildConfigurationList = C4457B36213409EC00D0E701 /* Build configuration list for PBXProject "FirstApp" */;
			compatibilityVersion = "Xcode 8.0";
			developmentRegion = en;
			hasScannedForEncodings = 0;
			knownRegions = (
				en,
				Base,
			);
			mainGroup = C4457B32213409EC00D0E701;
			productRefGroup = C4457B3C213409EC00D0E701 /* Products */;
			projectDirPath = "";
			projectRoot = "";
			targets = (
				C4457B3A213409EC00D0E701 /* FirstApp */,
				C4457B52213409ED00D0E701 /* FirstAppTests */,
				C4457B5D213409ED00D0E701 /* FirstAppUITests */,
			);
		};
/* End PBXProject section */

/* Begin PBXResourcesBuildPhase section */
		C4457B39213409EC00D0E701 /* Resources */ = {
			isa = PBXResourcesBuildPhase;
			buildActionMask = 2147483647;
			files = (
				C4457B4B213409EC00D0E701 /* LaunchScreen.storyboard in Resources */,
				C4457B48213409EC00D0E701 /* Assets.xcassets in Resources */,
				C49B5EE52142A5B600573CF9 /* flutter_assets in Resources */,
				C4457B46213409EC00D0E701 /* Main.storyboard in Resources */,
			);
			runOnlyForDeploymentPostprocessing = 0;
		};
		C4457B51213409ED00D0E701 /* Resources */ = {
			isa = PBXResourcesBuildPhase;
			buildActionMask = 2147483647;
			files = (
			);
			runOnlyForDeploymentPostprocessing = 0;
		};
		C4457B5C213409ED00D0E701 /* Resources */ = {
			isa = PBXResourcesBuildPhase;
			buildActionMask = 2147483647;
			files = (
			);
			runOnlyForDeploymentPostprocessing = 0;
		};
/* End PBXResourcesBuildPhase section */

/* Begin PBXShellScriptBuildPhase section */
		C4B31B6121429B8D00286D41 /* ShellScript */ = {
			isa = PBXShellScriptBuildPhase;
			buildActionMask = 2147483647;
			files = (
			);
			inputPaths = (
			);
			outputPaths = (
			);
			runOnlyForDeploymentPostprocessing = 0;
			shellPath = /bin/sh;
			shellScript = "";
		};
/* End PBXShellScriptBuildPhase section */

/* Begin PBXSourcesBuildPhase section */
		C4457B37213409EC00D0E701 /* Sources */ = {
			isa = PBXSourcesBuildPhase;
			buildActionMask = 2147483647;
			files = (
				C4457B43213409EC00D0E701 /* ViewController.m in Sources */,
				C4457B4E213409EC00D0E701 /* main.m in Sources */,
				C4457B40213409EC00D0E701 /* AppDelegate.m in Sources */,
			);
			runOnlyForDeploymentPostprocessing = 0;
		};
		C4457B4F213409ED00D0E701 /* Sources */ = {
			isa = PBXSourcesBuildPhase;
			buildActionMask = 2147483647;
			files = (
				C4457B58213409ED00D0E701 /* FirstAppTests.m in Sources */,
			);
			runOnlyForDeploymentPostprocessing = 0;
		};
		C4457B5A213409ED00D0E701 /* Sources */ = {
			isa = PBXSourcesBuildPhase;
			buildActionMask = 2147483647;
			files = (
				C4457B63213409ED00D0E701 /* FirstAppUITests.m in Sources */,
			);
			runOnlyForDeploymentPostprocessing = 0;
		};
/* End PBXSourcesBuildPhase section */

/* Begin PBXTargetDependency section */
		C4457B55213409ED00D0E701 /* PBXTargetDependency */ = {
			isa = PBXTargetDependency;
			target = C4457B3A213409EC00D0E701 /* FirstApp */;
			targetProxy = C4457B54213409ED00D0E701 /* PBXContainerItemProxy */;
		};
		C4457B60213409ED00D0E701 /* PBXTargetDependency */ = {
			isa = PBXTargetDependency;
			target = C4457B3A213409EC00D0E701 /* FirstApp */;
			targetProxy = C4457B5F213409ED00D0E701 /* PBXContainerItemProxy */;
		};
/* End PBXTargetDependency section */

/* Begin PBXVariantGroup section */
		C4457B44213409EC00D0E701 /* Main.storyboard */ = {
			isa = PBXVariantGroup;
			children = (
				C4457B45213409EC00D0E701 /* Base */,
			);
			name = Main.storyboard;
			sourceTree = "<group>";
		};
		C4457B49213409EC00D0E701 /* LaunchScreen.storyboard */ = {
			isa = PBXVariantGroup;
			children = (
				C4457B4A213409EC00D0E701 /* Base */,
			);
			name = LaunchScreen.storyboard;
			sourceTree = "<group>";
		};
/* End PBXVariantGroup section */

/* Begin XCBuildConfiguration section */
		C4457B65213409ED00D0E701 /* Debug */ = {
			isa = XCBuildConfiguration;
			baseConfigurationReference = C4B31B5F2142996000286D41 /* Debug.xcconfig */;
			buildSettings = {
				ALWAYS_SEARCH_USER_PATHS = NO;
				CLANG_ANALYZER_NONNULL = YES;
				CLANG_ANALYZER_NUMBER_OBJECT_CONVERSION = YES_AGGRESSIVE;
				CLANG_CXX_LANGUAGE_STANDARD = "gnu++14";
				CLANG_CXX_LIBRARY = "libc++";
				CLANG_ENABLE_MODULES = YES;
				CLANG_ENABLE_OBJC_ARC = YES;
				CLANG_WARN_BLOCK_CAPTURE_AUTORELEASING = YES;
				CLANG_WARN_BOOL_CONVERSION = YES;
				CLANG_WARN_COMMA = YES;
				CLANG_WARN_CONSTANT_CONVERSION = YES;
				CLANG_WARN_DIRECT_OBJC_ISA_USAGE = YES_ERROR;
				CLANG_WARN_DOCUMENTATION_COMMENTS = YES;
				CLANG_WARN_EMPTY_BODY = YES;
				CLANG_WARN_ENUM_CONVERSION = YES;
				CLANG_WARN_INFINITE_RECURSION = YES;
				CLANG_WARN_INT_CONVERSION = YES;
				CLANG_WARN_NON_LITERAL_NULL_CONVERSION = YES;
				CLANG_WARN_OBJC_LITERAL_CONVERSION = YES;
				CLANG_WARN_OBJC_ROOT_CLASS = YES_ERROR;
				CLANG_WARN_RANGE_LOOP_ANALYSIS = YES;
				CLANG_WARN_STRICT_PROTOTYPES = YES;
				CLANG_WARN_SUSPICIOUS_MOVE = YES;
				CLANG_WARN_UNGUARDED_AVAILABILITY = YES_AGGRESSIVE;
				CLANG_WARN_UNREACHABLE_CODE = YES;
				CLANG_WARN__DUPLICATE_METHOD_MATCH = YES;
				CODE_SIGN_IDENTITY = "iPhone Developer";
				COPY_PHASE_STRIP = NO;
				DEBUG_INFORMATION_FORMAT = dwarf;
				ENABLE_STRICT_OBJC_MSGSEND = YES;
				ENABLE_TESTABILITY = YES;
				GCC_C_LANGUAGE_STANDARD = gnu11;
				GCC_DYNAMIC_NO_PIC = NO;
				GCC_NO_COMMON_BLOCKS = YES;
				GCC_OPTIMIZATION_LEVEL = 0;
				GCC_PREPROCESSOR_DEFINITIONS = (
					"DEBUG=1",
					"$(inherited)",
				);
				GCC_WARN_64_TO_32_BIT_CONVERSION = YES;
				GCC_WARN_ABOUT_RETURN_TYPE = YES_ERROR;
				GCC_WARN_UNDECLARED_SELECTOR = YES;
				GCC_WARN_UNINITIALIZED_AUTOS = YES_AGGRESSIVE;
				GCC_WARN_UNUSED_FUNCTION = YES;
				GCC_WARN_UNUSED_VARIABLE = YES;
				IPHONEOS_DEPLOYMENT_TARGET = 11.1;
				MTL_ENABLE_DEBUG_INFO = YES;
				ONLY_ACTIVE_ARCH = YES;
				SDKROOT = iphoneos;
			};
			name = Debug;
		};
		C4457B66213409ED00D0E701 /* Release */ = {
			isa = XCBuildConfiguration;
			baseConfigurationReference = C4B31B602142997400286D41 /* Release.xcconfig */;
			buildSettings = {
				ALWAYS_SEARCH_USER_PATHS = NO;
				CLANG_ANALYZER_NONNULL = YES;
				CLANG_ANALYZER_NUMBER_OBJECT_CONVERSION = YES_AGGRESSIVE;
				CLANG_CXX_LANGUAGE_STANDARD = "gnu++14";
				CLANG_CXX_LIBRARY = "libc++";
				CLANG_ENABLE_MODULES = YES;
				CLANG_ENABLE_OBJC_ARC = YES;
				CLANG_WARN_BLOCK_CAPTURE_AUTORELEASING = YES;
				CLANG_WARN_BOOL_CONVERSION = YES;
				CLANG_WARN_COMMA = YES;
				CLANG_WARN_CONSTANT_CONVERSION = YES;
				CLANG_WARN_DIRECT_OBJC_ISA_USAGE = YES_ERROR;
				CLANG_WARN_DOCUMENTATION_COMMENTS = YES;
				CLANG_WARN_EMPTY_BODY = YES;
				CLANG_WARN_ENUM_CONVERSION = YES;
				CLANG_WARN_INFINITE_RECURSION = YES;
				CLANG_WARN_INT_CONVERSION = YES;
				CLANG_WARN_NON_LITERAL_NULL_CONVERSION = YES;
				CLANG_WARN_OBJC_LITERAL_CONVERSION = YES;
				CLANG_WARN_OBJC_ROOT_CLASS = YES_ERROR;
				CLANG_WARN_RANGE_LOOP_ANALYSIS = YES;
				CLANG_WARN_STRICT_PROTOTYPES = YES;
				CLANG_WARN_SUSPICIOUS_MOVE = YES;
				CLANG_WARN_UNGUARDED_AVAILABILITY = YES_AGGRESSIVE;
				CLANG_WARN_UNREACHABLE_CODE = YES;
				CLANG_WARN__DUPLICATE_METHOD_MATCH = YES;
				CODE_SIGN_IDENTITY = "iPhone Developer";
				COPY_PHASE_STRIP = NO;
				DEBUG_INFORMATION_FORMAT = "dwarf-with-dsym";
				ENABLE_NS_ASSERTIONS = NO;
				ENABLE_STRICT_OBJC_MSGSEND = YES;
				GCC_C_LANGUAGE_STANDARD = gnu11;
				GCC_NO_COMMON_BLOCKS = YES;
				GCC_WARN_64_TO_32_BIT_CONVERSION = YES;
				GCC_WARN_ABOUT_RETURN_TYPE = YES_ERROR;
				GCC_WARN_UNDECLARED_SELECTOR = YES;
				GCC_WARN_UNINITIALIZED_AUTOS = YES_AGGRESSIVE;
				GCC_WARN_UNUSED_FUNCTION = YES;
				GCC_WARN_UNUSED_VARIABLE = YES;
				IPHONEOS_DEPLOYMENT_TARGET = 11.1;
				MTL_ENABLE_DEBUG_INFO = NO;
				SDKROOT = iphoneos;
				VALIDATE_PRODUCT = YES;
			};
			name = Release;
		};
		C4457B68213409ED00D0E701 /* Debug */ = {
			isa = XCBuildConfiguration;
			baseConfigurationReference = C4B31B5F2142996000286D41 /* Debug.xcconfig */;
			buildSettings = {
				ASSETCATALOG_COMPILER_APPICON_NAME = AppIcon;
				CODE_SIGN_STYLE = Automatic;
				DEVELOPMENT_TEAM = V2JCMRCU89;
				FRAMEWORK_SEARCH_PATHS = (
					"$(inherited)",
					"$(PROJECT_DIR)/Flutter",
				);
				INFOPLIST_FILE = FirstApp/Info.plist;
				LD_RUNPATH_SEARCH_PATHS = "$(inherited) @executable_path/Frameworks";
				PRODUCT_BUNDLE_IDENTIFIER = com.x.ft.FirstApp;
				PRODUCT_NAME = "$(TARGET_NAME)";
				TARGETED_DEVICE_FAMILY = "1,2";
			};
			name = Debug;
		};
		C4457B69213409ED00D0E701 /* Release */ = {
			isa = XCBuildConfiguration;
			baseConfigurationReference = C4B31B602142997400286D41 /* Release.xcconfig */;
			buildSettings = {
				ASSETCATALOG_COMPILER_APPICON_NAME = AppIcon;
				CODE_SIGN_STYLE = Automatic;
				DEVELOPMENT_TEAM = V2JCMRCU89;
				FRAMEWORK_SEARCH_PATHS = (
					"$(inherited)",
					"$(PROJECT_DIR)/Flutter",
				);
				INFOPLIST_FILE = FirstApp/Info.plist;
				LD_RUNPATH_SEARCH_PATHS = "$(inherited) @executable_path/Frameworks";
				PRODUCT_BUNDLE_IDENTIFIER = com.x.ft.FirstApp;
				PRODUCT_NAME = "$(TARGET_NAME)";
				TARGETED_DEVICE_FAMILY = "1,2";
			};
			name = Release;
		};
		C4457B6B213409ED00D0E701 /* Debug */ = {
			isa = XCBuildConfiguration;
			buildSettings = {
				BUNDLE_LOADER = "$(TEST_HOST)";
				CODE_SIGN_STYLE = Automatic;
				DEVELOPMENT_TEAM = V2JCMRCU89;
				INFOPLIST_FILE = FirstAppTests/Info.plist;
				LD_RUNPATH_SEARCH_PATHS = "$(inherited) @executable_path/Frameworks @loader_path/Frameworks";
				PRODUCT_BUNDLE_IDENTIFIER = com.x.ft.FirstAppTests;
				PRODUCT_NAME = "$(TARGET_NAME)";
				TARGETED_DEVICE_FAMILY = "1,2";
				TEST_HOST = "$(BUILT_PRODUCTS_DIR)/FirstApp.app/FirstApp";
			};
			name = Debug;
		};
		C4457B6C213409ED00D0E701 /* Release */ = {
			isa = XCBuildConfiguration;
			buildSettings = {
				BUNDLE_LOADER = "$(TEST_HOST)";
				CODE_SIGN_STYLE = Automatic;
				DEVELOPMENT_TEAM = V2JCMRCU89;
				INFOPLIST_FILE = FirstAppTests/Info.plist;
				LD_RUNPATH_SEARCH_PATHS = "$(inherited) @executable_path/Frameworks @loader_path/Frameworks";
				PRODUCT_BUNDLE_IDENTIFIER = com.x.ft.FirstAppTests;
				PRODUCT_NAME = "$(TARGET_NAME)";
				TARGETED_DEVICE_FAMILY = "1,2";
				TEST_HOST = "$(BUILT_PRODUCTS_DIR)/FirstApp.app/FirstApp";
			};
			name = Release;
		};
		C4457B6E213409ED00D0E701 /* Debug */ = {
			isa = XCBuildConfiguration;
			buildSettings = {
				CODE_SIGN_STYLE = Automatic;
				DEVELOPMENT_TEAM = V2JCMRCU89;
				INFOPLIST_FILE = FirstAppUITests/Info.plist;
				LD_RUNPATH_SEARCH_PATHS = "$(inherited) @executable_path/Frameworks @loader_path/Frameworks";
				PRODUCT_BUNDLE_IDENTIFIER = com.x.ft.FirstAppUITests;
				PRODUCT_NAME = "$(TARGET_NAME)";
				TARGETED_DEVICE_FAMILY = "1,2";
				TEST_TARGET_NAME = FirstApp;
			};
			name = Debug;
		};
		C4457B6F213409ED00D0E701 /* Release */ = {
			isa = XCBuildConfiguration;
			buildSettings = {
				CODE_SIGN_STYLE = Automatic;
				DEVELOPMENT_TEAM = V2JCMRCU89;
				INFOPLIST_FILE = FirstAppUITests/Info.plist;
				LD_RUNPATH_SEARCH_PATHS = "$(inherited) @executable_path/Frameworks @loader_path/Frameworks";
				PRODUCT_BUNDLE_IDENTIFIER = com.x.ft.FirstAppUITests;
				PRODUCT_NAME = "$(TARGET_NAME)";
				TARGETED_DEVICE_FAMILY = "1,2";
				TEST_TARGET_NAME = FirstApp;
			};
			name = Release;
		};
/* End XCBuildConfiguration section */

/* Begin XCConfigurationList section */
		C4457B36213409EC00D0E701 /* Build configuration list for PBXProject "FirstApp" */ = {
			isa = XCConfigurationList;
			buildConfigurations = (
				C4457B65213409ED00D0E701 /* Debug */,
				C4457B66213409ED00D0E701 /* Release */,
			);
			defaultConfigurationIsVisible = 0;
			defaultConfigurationName = Release;
		};
		C4457B67213409ED00D0E701 /* Build configuration list for PBXNativeTarget "FirstApp" */ = {
			isa = XCConfigurationList;
			buildConfigurations = (
				C4457B68213409ED00D0E701 /* Debug */,
				C4457B69213409ED00D0E701 /* Release */,
			);
			defaultConfigurationIsVisible = 0;
			defaultConfigurationName = Release;
		};
		C4457B6A213409ED00D0E701 /* Build configuration list for PBXNativeTarget "FirstAppTests" */ = {
			isa = XCConfigurationList;
			buildConfigurations = (
				C4457B6B213409ED00D0E701 /* Debug */,
				C4457B6C213409ED00D0E701 /* Release */,
			);
			defaultConfigurationIsVisible = 0;
			defaultConfigurationName = Release;
		};
		C4457B6D213409ED00D0E701 /* Build configuration list for PBXNativeTarget "FirstAppUITests" */ = {
			isa = XCConfigurationList;
			buildConfigurations = (
				C4457B6E213409ED00D0E701 /* Debug */,
				C4457B6F213409ED00D0E701 /* Release */,
			);
			defaultConfigurationIsVisible = 0;
			defaultConfigurationName = Release;
		};
/* End XCConfigurationList section */
	};
	rootObject = C4457B33213409EC00D0E701 /* Project object */;
}
